// !$*UTF8*$!
{
	archiveVersion = 1;
	classes = {
	};
	objectVersion = 55;
	objects = {

/* Begin PBXBuildFile section */
		1994C31568AF1AF8B0B93692 /* Pods_SampleProject.framework in Frameworks */ = {isa = PBXBuildFile; fileRef = 19F8F842F5B9AFCA153E104F /* Pods_SampleProject.framework */; };
		6B2E5E1528C346D4008A87EB /* SampleAPIClient.swift in Sources */ = {isa = PBXBuildFile; fileRef = 6B2E5E1428C346D4008A87EB /* SampleAPIClient.swift */; };
		6B2E5E1728C348D9008A87EB /* RoverPhotosParser.swift in Sources */ = {isa = PBXBuildFile; fileRef = 6B2E5E1628C348D9008A87EB /* RoverPhotosParser.swift */; };
		6B2E5E1928C34C44008A87EB /* SampleTaskManager.swift in Sources */ = {isa = PBXBuildFile; fileRef = 6B2E5E1828C34C44008A87EB /* SampleTaskManager.swift */; };
		6B2E5E1C28C34DD6008A87EB /* RoverPhotosOperation.swift in Sources */ = {isa = PBXBuildFile; fileRef = 6B2E5E1B28C34DD6008A87EB /* RoverPhotosOperation.swift */; };
		6B2E5E1F28C352E2008A87EB /* RoverPhotosSearchInfo.swift in Sources */ = {isa = PBXBuildFile; fileRef = 6B2E5E1E28C352E2008A87EB /* RoverPhotosSearchInfo.swift */; };
		6B2E5E2228C358B6008A87EB /* RoverPhoto.swift in Sources */ = {isa = PBXBuildFile; fileRef = 6B2E5E2128C358B6008A87EB /* RoverPhoto.swift */; };
		6B2E5E2428C35BC3008A87EB /* ServerAPIError.swift in Sources */ = {isa = PBXBuildFile; fileRef = 6B2E5E2328C35BC3008A87EB /* ServerAPIError.swift */; };
		6B2E5E2728C35E99008A87EB /* AppError.swift in Sources */ = {isa = PBXBuildFile; fileRef = 6B2E5E2628C35E99008A87EB /* AppError.swift */; };
		6B2E5E2928C36399008A87EB /* ActivityIndicatorView.swift in Sources */ = {isa = PBXBuildFile; fileRef = 6B2E5E2828C36399008A87EB /* ActivityIndicatorView.swift */; };
		6B2E5E2C28C371FF008A87EB /* PhotosViewController.swift in Sources */ = {isa = PBXBuildFile; fileRef = 6B2E5E2B28C371FF008A87EB /* PhotosViewController.swift */; };
		6B2E5E2E28C3737F008A87EB /* TopNavigationView.swift in Sources */ = {isa = PBXBuildFile; fileRef = 6B2E5E2D28C3737E008A87EB /* TopNavigationView.swift */; };
		6B2E5E3028C387DD008A87EB /* PhotoCollectionViewCell.swift in Sources */ = {isa = PBXBuildFile; fileRef = 6B2E5E2F28C387DD008A87EB /* PhotoCollectionViewCell.swift */; };
		6B2E5E3228C38976008A87EB /* SDWebImage+Options.swift in Sources */ = {isa = PBXBuildFile; fileRef = 6B2E5E3128C38976008A87EB /* SDWebImage+Options.swift */; };
		6B2E5E3428C3B82A008A87EB /* PhotoDetailsNavigationView.swift in Sources */ = {isa = PBXBuildFile; fileRef = 6B2E5E3328C3B82A008A87EB /* PhotoDetailsNavigationView.swift */; };
		6B2E5E3728C3BB48008A87EB /* PhotoDetailsViewController.swift in Sources */ = {isa = PBXBuildFile; fileRef = 6B2E5E3628C3BB48008A87EB /* PhotoDetailsViewController.swift */; };
		6B58F2A528C0F96300160C22 /* AppDelegate.swift in Sources */ = {isa = PBXBuildFile; fileRef = 6B58F2A428C0F96300160C22 /* AppDelegate.swift */; };
		6B58F2A728C0F96300160C22 /* SceneDelegate.swift in Sources */ = {isa = PBXBuildFile; fileRef = 6B58F2A628C0F96300160C22 /* SceneDelegate.swift */; };
		6B58F2A928C0F96300160C22 /* WelcomeViewController.swift in Sources */ = {isa = PBXBuildFile; fileRef = 6B58F2A828C0F96300160C22 /* WelcomeViewController.swift */; };
		6B58F2AE28C0F96400160C22 /* Assets.xcassets in Resources */ = {isa = PBXBuildFile; fileRef = 6B58F2AD28C0F96400160C22 /* Assets.xcassets */; };
		6B58F2B128C0F96400160C22 /* LaunchScreen.storyboard in Resources */ = {isa = PBXBuildFile; fileRef = 6B58F2AF28C0F96400160C22 /* LaunchScreen.storyboard */; };
		6B58F2B928C0F97200160C22 /* InputField.swift in Sources */ = {isa = PBXBuildFile; fileRef = 6B58F2B828C0F97200160C22 /* InputField.swift */; };
		6B58F2BC28C10CF100160C22 /* InputAccessoryView.swift in Sources */ = {isa = PBXBuildFile; fileRef = 6B58F2BB28C10CF100160C22 /* InputAccessoryView.swift */; };
		6B58F2BE28C10E2900160C22 /* Stylesheet.swift in Sources */ = {isa = PBXBuildFile; fileRef = 6B58F2BD28C10E2900160C22 /* Stylesheet.swift */; };
		6B58F2C428C1152C00160C22 /* TerminalDosis-Regular.ttf in Resources */ = {isa = PBXBuildFile; fileRef = 6B58F2C328C1152C00160C22 /* TerminalDosis-Regular.ttf */; };
		6B58F2C628C1351600160C22 /* InputContainerView.swift in Sources */ = {isa = PBXBuildFile; fileRef = 6B58F2C528C1351600160C22 /* InputContainerView.swift */; };
		6B58F2CA28C14A0000160C22 /* RoundedButton.swift in Sources */ = {isa = PBXBuildFile; fileRef = 6B58F2C928C14A0000160C22 /* RoundedButton.swift */; };
		6B58F2CE28C14F7B00160C22 /* TerminalDosis-Bold.ttf in Resources */ = {isa = PBXBuildFile; fileRef = 6B58F2CD28C14F7B00160C22 /* TerminalDosis-Bold.ttf */; };
		6BEA26F128C28EB200EF0981 /* DateInputField.swift in Sources */ = {isa = PBXBuildFile; fileRef = 6BEA26F028C28EB200EF0981 /* DateInputField.swift */; };
		6BEA26F328C290F800EF0981 /* DateInputContainerView.swift in Sources */ = {isa = PBXBuildFile; fileRef = 6BEA26F228C290F800EF0981 /* DateInputContainerView.swift */; };
		6BEA26F628C2944E00EF0981 /* WelcomeInteractor.swift in Sources */ = {isa = PBXBuildFile; fileRef = 6BEA26F528C2944E00EF0981 /* WelcomeInteractor.swift */; };
		6BEA26F828C2A46300EF0981 /* SampleAPIEndPoint.swift in Sources */ = {isa = PBXBuildFile; fileRef = 6BEA26F728C2A46300EF0981 /* SampleAPIEndPoint.swift */; };
		6BEA26FD28C2ABA600EF0981 /* .swiftlint.yml in Resources */ = {isa = PBXBuildFile; fileRef = 6BEA26FC28C2ABA600EF0981 /* .swiftlint.yml */; };
/* End PBXBuildFile section */

/* Begin PBXFileReference section */
		19F8F842F5B9AFCA153E104F /* Pods_SampleProject.framework */ = {isa = PBXFileReference; explicitFileType = wrapper.framework; includeInIndex = 0; path = Pods_SampleProject.framework; sourceTree = BUILT_PRODUCTS_DIR; };
		275E0AE7AE145533EA7942AF /* Pods-SampleProject.debug.xcconfig */ = {isa = PBXFileReference; includeInIndex = 1; lastKnownFileType = text.xcconfig; name = "Pods-SampleProject.debug.xcconfig"; path = "Target Support Files/Pods-SampleProject/Pods-SampleProject.debug.xcconfig"; sourceTree = "<group>"; };
		6B2E5E1428C346D4008A87EB /* SampleAPIClient.swift */ = {isa = PBXFileReference; lastKnownFileType = sourcecode.swift; path = SampleAPIClient.swift; sourceTree = "<group>"; };
		6B2E5E1628C348D9008A87EB /* RoverPhotosParser.swift */ = {isa = PBXFileReference; lastKnownFileType = sourcecode.swift; path = RoverPhotosParser.swift; sourceTree = "<group>"; };
		6B2E5E1828C34C44008A87EB /* SampleTaskManager.swift */ = {isa = PBXFileReference; lastKnownFileType = sourcecode.swift; path = SampleTaskManager.swift; sourceTree = "<group>"; };
		6B2E5E1B28C34DD6008A87EB /* RoverPhotosOperation.swift */ = {isa = PBXFileReference; lastKnownFileType = sourcecode.swift; path = RoverPhotosOperation.swift; sourceTree = "<group>"; };
		6B2E5E1E28C352E2008A87EB /* RoverPhotosSearchInfo.swift */ = {isa = PBXFileReference; lastKnownFileType = sourcecode.swift; path = RoverPhotosSearchInfo.swift; sourceTree = "<group>"; };
		6B2E5E2128C358B6008A87EB /* RoverPhoto.swift */ = {isa = PBXFileReference; lastKnownFileType = sourcecode.swift; path = RoverPhoto.swift; sourceTree = "<group>"; };
		6B2E5E2328C35BC3008A87EB /* ServerAPIError.swift */ = {isa = PBXFileReference; lastKnownFileType = sourcecode.swift; path = ServerAPIError.swift; sourceTree = "<group>"; };
		6B2E5E2628C35E99008A87EB /* AppError.swift */ = {isa = PBXFileReference; lastKnownFileType = sourcecode.swift; path = AppError.swift; sourceTree = "<group>"; };
		6B2E5E2828C36399008A87EB /* ActivityIndicatorView.swift */ = {isa = PBXFileReference; fileEncoding = 4; lastKnownFileType = sourcecode.swift; path = ActivityIndicatorView.swift; sourceTree = "<group>"; };
		6B2E5E2B28C371FF008A87EB /* PhotosViewController.swift */ = {isa = PBXFileReference; lastKnownFileType = sourcecode.swift; path = PhotosViewController.swift; sourceTree = "<group>"; };
		6B2E5E2D28C3737E008A87EB /* TopNavigationView.swift */ = {isa = PBXFileReference; lastKnownFileType = sourcecode.swift; path = TopNavigationView.swift; sourceTree = "<group>"; };
		6B2E5E2F28C387DD008A87EB /* PhotoCollectionViewCell.swift */ = {isa = PBXFileReference; lastKnownFileType = sourcecode.swift; path = PhotoCollectionViewCell.swift; sourceTree = "<group>"; };
		6B2E5E3128C38976008A87EB /* SDWebImage+Options.swift */ = {isa = PBXFileReference; lastKnownFileType = sourcecode.swift; path = "SDWebImage+Options.swift"; sourceTree = "<group>"; };
		6B2E5E3328C3B82A008A87EB /* PhotoDetailsNavigationView.swift */ = {isa = PBXFileReference; lastKnownFileType = sourcecode.swift; path = PhotoDetailsNavigationView.swift; sourceTree = "<group>"; };
		6B2E5E3628C3BB48008A87EB /* PhotoDetailsViewController.swift */ = {isa = PBXFileReference; lastKnownFileType = sourcecode.swift; path = PhotoDetailsViewController.swift; sourceTree = "<group>"; };
		6B58F2A128C0F96300160C22 /* SampleProject.app */ = {isa = PBXFileReference; explicitFileType = wrapper.application; includeInIndex = 0; path = SampleProject.app; sourceTree = BUILT_PRODUCTS_DIR; };
		6B58F2A428C0F96300160C22 /* AppDelegate.swift */ = {isa = PBXFileReference; lastKnownFileType = sourcecode.swift; path = AppDelegate.swift; sourceTree = "<group>"; };
		6B58F2A628C0F96300160C22 /* SceneDelegate.swift */ = {isa = PBXFileReference; lastKnownFileType = sourcecode.swift; path = SceneDelegate.swift; sourceTree = "<group>"; };
		6B58F2A828C0F96300160C22 /* WelcomeViewController.swift */ = {isa = PBXFileReference; lastKnownFileType = sourcecode.swift; path = WelcomeViewController.swift; sourceTree = "<group>"; };
		6B58F2AD28C0F96400160C22 /* Assets.xcassets */ = {isa = PBXFileReference; lastKnownFileType = folder.assetcatalog; path = Assets.xcassets; sourceTree = "<group>"; };
		6B58F2B028C0F96400160C22 /* Base */ = {isa = PBXFileReference; lastKnownFileType = file.storyboard; name = Base; path = Base.lproj/LaunchScreen.storyboard; sourceTree = "<group>"; };
		6B58F2B228C0F96400160C22 /* Info.plist */ = {isa = PBXFileReference; lastKnownFileType = text.plist.xml; path = Info.plist; sourceTree = "<group>"; };
		6B58F2B828C0F97200160C22 /* InputField.swift */ = {isa = PBXFileReference; fileEncoding = 4; lastKnownFileType = sourcecode.swift; path = InputField.swift; sourceTree = "<group>"; };
		6B58F2BB28C10CF100160C22 /* InputAccessoryView.swift */ = {isa = PBXFileReference; lastKnownFileType = sourcecode.swift; path = InputAccessoryView.swift; sourceTree = "<group>"; };
		6B58F2BD28C10E2900160C22 /* Stylesheet.swift */ = {isa = PBXFileReference; lastKnownFileType = sourcecode.swift; path = Stylesheet.swift; sourceTree = "<group>"; };
		6B58F2C328C1152C00160C22 /* TerminalDosis-Regular.ttf */ = {isa = PBXFileReference; lastKnownFileType = file; path = "TerminalDosis-Regular.ttf"; sourceTree = "<group>"; };
		6B58F2C528C1351600160C22 /* InputContainerView.swift */ = {isa = PBXFileReference; lastKnownFileType = sourcecode.swift; path = InputContainerView.swift; sourceTree = "<group>"; };
		6B58F2C928C14A0000160C22 /* RoundedButton.swift */ = {isa = PBXFileReference; lastKnownFileType = sourcecode.swift; path = RoundedButton.swift; sourceTree = "<group>"; };
		6B58F2CD28C14F7B00160C22 /* TerminalDosis-Bold.ttf */ = {isa = PBXFileReference; lastKnownFileType = file; path = "TerminalDosis-Bold.ttf"; sourceTree = "<group>"; };
		6BEA26F028C28EB200EF0981 /* DateInputField.swift */ = {isa = PBXFileReference; lastKnownFileType = sourcecode.swift; path = DateInputField.swift; sourceTree = "<group>"; };
		6BEA26F228C290F800EF0981 /* DateInputContainerView.swift */ = {isa = PBXFileReference; lastKnownFileType = sourcecode.swift; path = DateInputContainerView.swift; sourceTree = "<group>"; };
		6BEA26F528C2944E00EF0981 /* WelcomeInteractor.swift */ = {isa = PBXFileReference; lastKnownFileType = sourcecode.swift; path = WelcomeInteractor.swift; sourceTree = "<group>"; };
		6BEA26F728C2A46300EF0981 /* SampleAPIEndPoint.swift */ = {isa = PBXFileReference; lastKnownFileType = sourcecode.swift; path = SampleAPIEndPoint.swift; sourceTree = "<group>"; };
		6BEA26FC28C2ABA600EF0981 /* .swiftlint.yml */ = {isa = PBXFileReference; fileEncoding = 4; lastKnownFileType = text.yaml; path = .swiftlint.yml; sourceTree = SOURCE_ROOT; };
		B8295AC17375FFBC786DFF41 /* Pods-SampleProject.release.xcconfig */ = {isa = PBXFileReference; includeInIndex = 1; lastKnownFileType = text.xcconfig; name = "Pods-SampleProject.release.xcconfig"; path = "Target Support Files/Pods-SampleProject/Pods-SampleProject.release.xcconfig"; sourceTree = "<group>"; };
/* End PBXFileReference section */

/* Begin PBXFrameworksBuildPhase section */
		6B58F29E28C0F96300160C22 /* Frameworks */ = {
			isa = PBXFrameworksBuildPhase;
			buildActionMask = 2147483647;
			files = (
				1994C31568AF1AF8B0B93692 /* Pods_SampleProject.framework in Frameworks */,
			);
			runOnlyForDeploymentPostprocessing = 0;
		};
/* End PBXFrameworksBuildPhase section */

/* Begin PBXGroup section */
		5266AF3324FC5DD0E72070AD /* Frameworks */ = {
			isa = PBXGroup;
			children = (
				19F8F842F5B9AFCA153E104F /* Pods_SampleProject.framework */,
			);
			name = Frameworks;
			sourceTree = "<group>";
		};
		6B2E5E1A28C34DBB008A87EB /* TaskManager */ = {
			isa = PBXGroup;
			children = (
				6B2E5E1828C34C44008A87EB /* SampleTaskManager.swift */,
				6B2E5E1D28C34FEE008A87EB /* Operations */,
			);
			path = TaskManager;
			sourceTree = "<group>";
		};
		6B2E5E1D28C34FEE008A87EB /* Operations */ = {
			isa = PBXGroup;
			children = (
				6B2E5E1B28C34DD6008A87EB /* RoverPhotosOperation.swift */,
			);
			path = Operations;
			sourceTree = "<group>";
		};
		6B2E5E2028C352E6008A87EB /* Model */ = {
			isa = PBXGroup;
			children = (
				6B2E5E2128C358B6008A87EB /* RoverPhoto.swift */,
				6B2E5E1E28C352E2008A87EB /* RoverPhotosSearchInfo.swift */,
			);
			path = Model;
			sourceTree = "<group>";
		};
		6B2E5E2528C35CDB008A87EB /* Parsers */ = {
			isa = PBXGroup;
			children = (
				6B2E5E1628C348D9008A87EB /* RoverPhotosParser.swift */,
			);
			path = Parsers;
			sourceTree = "<group>";
		};
		6B2E5E2A28C371D0008A87EB /* Welcome */ = {
			isa = PBXGroup;
			children = (
				6B58F2A828C0F96300160C22 /* WelcomeViewController.swift */,
				6BEA26F528C2944E00EF0981 /* WelcomeInteractor.swift */,
			);
			path = Welcome;
			sourceTree = "<group>";
		};
		6B2E5E3528C3BB2C008A87EB /* Photos */ = {
			isa = PBXGroup;
			children = (
				6B2E5E2F28C387DD008A87EB /* PhotoCollectionViewCell.swift */,
				6B2E5E2B28C371FF008A87EB /* PhotosViewController.swift */,
			);
			path = Photos;
			sourceTree = "<group>";
		};
		6B58F29828C0F96300160C22 = {
			isa = PBXGroup;
			children = (
				6B58F2A328C0F96300160C22 /* SampleProject */,
				6B58F2A228C0F96300160C22 /* Products */,
				84D136423CC4DE59F78A8C5D /* Pods */,
				5266AF3324FC5DD0E72070AD /* Frameworks */,
			);
			sourceTree = "<group>";
		};
		6B58F2A228C0F96300160C22 /* Products */ = {
			isa = PBXGroup;
			children = (
				6B58F2A128C0F96300160C22 /* SampleProject.app */,
			);
			name = Products;
			sourceTree = "<group>";
		};
		6B58F2A328C0F96300160C22 /* SampleProject */ = {
			isa = PBXGroup;
			children = (
				6B58F2A428C0F96300160C22 /* AppDelegate.swift */,
				6B58F2A628C0F96300160C22 /* SceneDelegate.swift */,
				6BEA26F928C2A75B00EF0981 /* Core */,
				6B58F2CB28C14AFF00160C22 /* UI */,
				6B58F2C128C112C900160C22 /* Resources */,
				6B58F2B228C0F96400160C22 /* Info.plist */,
			);
			path = SampleProject;
			sourceTree = "<group>";
		};
		6B58F2BA28C10CBA00160C22 /* Picker */ = {
			isa = PBXGroup;
			children = (
				6B58F2BB28C10CF100160C22 /* InputAccessoryView.swift */,
				6B58F2C528C1351600160C22 /* InputContainerView.swift */,
				6B58F2B828C0F97200160C22 /* InputField.swift */,
				6BEA26F428C2912400EF0981 /* DatePicker */,
			);
			path = Picker;
			sourceTree = "<group>";
		};
		6B58F2C128C112C900160C22 /* Resources */ = {
			isa = PBXGroup;
			children = (
				6B58F2C228C112D600160C22 /* Fonts */,
				6B58F2AD28C0F96400160C22 /* Assets.xcassets */,
				6B58F2AF28C0F96400160C22 /* LaunchScreen.storyboard */,
				6BEA26FC28C2ABA600EF0981 /* .swiftlint.yml */,
			);
			path = Resources;
			sourceTree = "<group>";
		};
		6B58F2C228C112D600160C22 /* Fonts */ = {
			isa = PBXGroup;
			children = (
				6B58F2C328C1152C00160C22 /* TerminalDosis-Regular.ttf */,
				6B58F2CD28C14F7B00160C22 /* TerminalDosis-Bold.ttf */,
			);
			path = Fonts;
			sourceTree = "<group>";
		};
		6B58F2CB28C14AFF00160C22 /* UI */ = {
			isa = PBXGroup;
			children = (
				6B58F2BD28C10E2900160C22 /* Stylesheet.swift */,
				6B58F2CC28C14B0900160C22 /* Components */,
				6B58F2CF28C1506500160C22 /* Controllers */,
				6B58F2D228C1522100160C22 /* Extensions */,
			);
			path = UI;
			sourceTree = "<group>";
		};
		6B58F2CC28C14B0900160C22 /* Components */ = {
			isa = PBXGroup;
			children = (
				6B2E5E2828C36399008A87EB /* ActivityIndicatorView.swift */,
				6B2E5E3328C3B82A008A87EB /* PhotoDetailsNavigationView.swift */,
				6B58F2C928C14A0000160C22 /* RoundedButton.swift */,
				6B2E5E2D28C3737E008A87EB /* TopNavigationView.swift */,
				6B58F2BA28C10CBA00160C22 /* Picker */,
			);
			path = Components;
			sourceTree = "<group>";
		};
		6B58F2CF28C1506500160C22 /* Controllers */ = {
			isa = PBXGroup;
			children = (
				6B2E5E3628C3BB48008A87EB /* PhotoDetailsViewController.swift */,
				6B2E5E3528C3BB2C008A87EB /* Photos */,
				6B2E5E2A28C371D0008A87EB /* Welcome */,
			);
			path = Controllers;
			sourceTree = "<group>";
		};
		6B58F2D228C1522100160C22 /* Extensions */ = {
			isa = PBXGroup;
			children = (
				6B2E5E3128C38976008A87EB /* SDWebImage+Options.swift */,
			);
			path = Extensions;
			sourceTree = "<group>";
		};
		6BEA26F428C2912400EF0981 /* DatePicker */ = {
			isa = PBXGroup;
			children = (
				6BEA26F228C290F800EF0981 /* DateInputContainerView.swift */,
				6BEA26F028C28EB200EF0981 /* DateInputField.swift */,
			);
			path = DatePicker;
			sourceTree = "<group>";
		};
		6BEA26F928C2A75B00EF0981 /* Core */ = {
			isa = PBXGroup;
			children = (
				6BEA26FA28C2A76100EF0981 /* Network */,
				6B2E5E1A28C34DBB008A87EB /* TaskManager */,
				6B2E5E2028C352E6008A87EB /* Model */,
				6B2E5E2628C35E99008A87EB /* AppError.swift */,
			);
			path = Core;
			sourceTree = "<group>";
		};
		6BEA26FA28C2A76100EF0981 /* Network */ = {
			isa = PBXGroup;
			children = (
				6B2E5E1428C346D4008A87EB /* SampleAPIClient.swift */,
				6BEA26F728C2A46300EF0981 /* SampleAPIEndPoint.swift */,
				6B2E5E2328C35BC3008A87EB /* ServerAPIError.swift */,
				6B2E5E2528C35CDB008A87EB /* Parsers */,
			);
			path = Network;
			sourceTree = "<group>";
		};
		84D136423CC4DE59F78A8C5D /* Pods */ = {
			isa = PBXGroup;
			children = (
				275E0AE7AE145533EA7942AF /* Pods-SampleProject.debug.xcconfig */,
				B8295AC17375FFBC786DFF41 /* Pods-SampleProject.release.xcconfig */,
			);
			path = Pods;
			sourceTree = "<group>";
		};
/* End PBXGroup section */

/* Begin PBXNativeTarget section */
		6B58F2A028C0F96300160C22 /* SampleProject */ = {
			isa = PBXNativeTarget;
			buildConfigurationList = 6B58F2B528C0F96400160C22 /* Build configuration list for PBXNativeTarget "SampleProject" */;
			buildPhases = (
				D6102AC9B82D40F189811BCC /* [CP] Check Pods Manifest.lock */,
				6BEA26FB28C2AAB200EF0981 /* Swiftlint */,
				6BEA26FE28C2AC2300EF0981 /* R.Swift */,
				6B58F29D28C0F96300160C22 /* Sources */,
				6B58F29E28C0F96300160C22 /* Frameworks */,
				6B58F29F28C0F96300160C22 /* Resources */,
				3A183F87FF12F9BA0156656C /* [CP] Embed Pods Frameworks */,
			);
			buildRules = (
			);
			dependencies = (
			);
			name = SampleProject;
			productName = SampleProject;
			productReference = 6B58F2A128C0F96300160C22 /* SampleProject.app */;
			productType = "com.apple.product-type.application";
		};
/* End PBXNativeTarget section */

/* Begin PBXProject section */
		6B58F29928C0F96300160C22 /* Project object */ = {
			isa = PBXProject;
			attributes = {
				BuildIndependentTargetsInParallel = 1;
				LastSwiftUpdateCheck = 1340;
				LastUpgradeCheck = 1340;
				TargetAttributes = {
					6B58F2A028C0F96300160C22 = {
						CreatedOnToolsVersion = 13.4.1;
					};
				};
			};
			buildConfigurationList = 6B58F29C28C0F96300160C22 /* Build configuration list for PBXProject "SampleProject" */;
			compatibilityVersion = "Xcode 13.0";
			developmentRegion = en;
			hasScannedForEncodings = 0;
			knownRegions = (
				en,
				Base,
			);
			mainGroup = 6B58F29828C0F96300160C22;
			productRefGroup = 6B58F2A228C0F96300160C22 /* Products */;
			projectDirPath = "";
			projectRoot = "";
			targets = (
				6B58F2A028C0F96300160C22 /* SampleProject */,
			);
		};
/* End PBXProject section */

/* Begin PBXResourcesBuildPhase section */
		6B58F29F28C0F96300160C22 /* Resources */ = {
			isa = PBXResourcesBuildPhase;
			buildActionMask = 2147483647;
			files = (
				6BEA26FD28C2ABA600EF0981 /* .swiftlint.yml in Resources */,
				6B58F2B128C0F96400160C22 /* LaunchScreen.storyboard in Resources */,
				6B58F2AE28C0F96400160C22 /* Assets.xcassets in Resources */,
				6B58F2C428C1152C00160C22 /* TerminalDosis-Regular.ttf in Resources */,
				6B58F2CE28C14F7B00160C22 /* TerminalDosis-Bold.ttf in Resources */,
			);
			runOnlyForDeploymentPostprocessing = 0;
		};
/* End PBXResourcesBuildPhase section */

/* Begin PBXShellScriptBuildPhase section */
		3A183F87FF12F9BA0156656C /* [CP] Embed Pods Frameworks */ = {
			isa = PBXShellScriptBuildPhase;
			buildActionMask = 2147483647;
			files = (
			);
			inputFileListPaths = (
				"${PODS_ROOT}/Target Support Files/Pods-SampleProject/Pods-SampleProject-frameworks-${CONFIGURATION}-input-files.xcfilelist",
			);
			name = "[CP] Embed Pods Frameworks";
			outputFileListPaths = (
				"${PODS_ROOT}/Target Support Files/Pods-SampleProject/Pods-SampleProject-frameworks-${CONFIGURATION}-output-files.xcfilelist",
			);
			runOnlyForDeploymentPostprocessing = 0;
			shellPath = /bin/sh;
			shellScript = "\"${PODS_ROOT}/Target Support Files/Pods-SampleProject/Pods-SampleProject-frameworks.sh\"\n";
			showEnvVarsInLog = 0;
		};
		6BEA26FB28C2AAB200EF0981 /* Swiftlint */ = {
			isa = PBXShellScriptBuildPhase;
			buildActionMask = 2147483647;
			files = (
			);
			inputFileListPaths = (
			);
			inputPaths = (
			);
			name = Swiftlint;
			outputFileListPaths = (
			);
			outputPaths = (
			);
			runOnlyForDeploymentPostprocessing = 0;
			shellPath = /bin/sh;
			shellScript = "#debug log\nset -x\n\n\"${PODS_ROOT}/SwiftLint/swiftlint\"\n";
		};
		6BEA26FE28C2AC2300EF0981 /* R.Swift */ = {
			isa = PBXShellScriptBuildPhase;
			buildActionMask = 2147483647;
			files = (
			);
			inputFileListPaths = (
			);
			inputPaths = (
				"$TEMP_DIR/rswift-lastrun",
			);
			name = R.Swift;
			outputFileListPaths = (
			);
			outputPaths = (
				$SRCROOT/SampleProject/Resources/R.generated.swift,
			);
			runOnlyForDeploymentPostprocessing = 0;
			shellPath = /bin/sh;
			shellScript = "\"$PODS_ROOT/R.swift/rswift\" generate \"$SRCROOT/SampleProject/Resources/R.generated.swift\"\n";
		};
		D6102AC9B82D40F189811BCC /* [CP] Check Pods Manifest.lock */ = {
			isa = PBXShellScriptBuildPhase;
			buildActionMask = 2147483647;
			files = (
			);
			inputFileListPaths = (
			);
			inputPaths = (
				"${PODS_PODFILE_DIR_PATH}/Podfile.lock",
				"${PODS_ROOT}/Manifest.lock",
			);
			name = "[CP] Check Pods Manifest.lock";
			outputFileListPaths = (
			);
			outputPaths = (
				"$(DERIVED_FILE_DIR)/Pods-SampleProject-checkManifestLockResult.txt",
			);
			runOnlyForDeploymentPostprocessing = 0;
			shellPath = /bin/sh;
			shellScript = "diff \"${PODS_PODFILE_DIR_PATH}/Podfile.lock\" \"${PODS_ROOT}/Manifest.lock\" > /dev/null\nif [ $? != 0 ] ; then\n    # print error to STDERR\n    echo \"error: The sandbox is not in sync with the Podfile.lock. Run 'pod install' or update your CocoaPods installation.\" >&2\n    exit 1\nfi\n# This output is used by Xcode 'outputs' to avoid re-running this script phase.\necho \"SUCCESS\" > \"${SCRIPT_OUTPUT_FILE_0}\"\n";
			showEnvVarsInLog = 0;
		};
/* End PBXShellScriptBuildPhase section */

/* Begin PBXSourcesBuildPhase section */
		6B58F29D28C0F96300160C22 /* Sources */ = {
			isa = PBXSourcesBuildPhase;
			buildActionMask = 2147483647;
			files = (
				6B2E5E3728C3BB48008A87EB /* PhotoDetailsViewController.swift in Sources */,
				6B58F2A928C0F96300160C22 /* WelcomeViewController.swift in Sources */,
				6B2E5E1C28C34DD6008A87EB /* RoverPhotosOperation.swift in Sources */,
				6B2E5E1928C34C44008A87EB /* SampleTaskManager.swift in Sources */,
				6B58F2B928C0F97200160C22 /* InputField.swift in Sources */,
				6B58F2C628C1351600160C22 /* InputContainerView.swift in Sources */,
				6B2E5E3028C387DD008A87EB /* PhotoCollectionViewCell.swift in Sources */,
				6B58F2CA28C14A0000160C22 /* RoundedButton.swift in Sources */,
				6B58F2A528C0F96300160C22 /* AppDelegate.swift in Sources */,
				6B2E5E2E28C3737F008A87EB /* TopNavigationView.swift in Sources */,
				6BEA26F628C2944E00EF0981 /* WelcomeInteractor.swift in Sources */,
				6B58F2A728C0F96300160C22 /* SceneDelegate.swift in Sources */,
				6B2E5E3228C38976008A87EB /* SDWebImage+Options.swift in Sources */,
				6B2E5E2428C35BC3008A87EB /* ServerAPIError.swift in Sources */,
				6B58F2BC28C10CF100160C22 /* InputAccessoryView.swift in Sources */,
				6B2E5E2C28C371FF008A87EB /* PhotosViewController.swift in Sources */,
				6B2E5E2228C358B6008A87EB /* RoverPhoto.swift in Sources */,
				6B2E5E1528C346D4008A87EB /* SampleAPIClient.swift in Sources */,
				6BEA26F828C2A46300EF0981 /* SampleAPIEndPoint.swift in Sources */,
				6B2E5E1F28C352E2008A87EB /* RoverPhotosSearchInfo.swift in Sources */,
				6B2E5E1728C348D9008A87EB /* RoverPhotosParser.swift in Sources */,
				6B2E5E2928C36399008A87EB /* ActivityIndicatorView.swift in Sources */,
				6B58F2BE28C10E2900160C22 /* Stylesheet.swift in Sources */,
				6BEA26F328C290F800EF0981 /* DateInputContainerView.swift in Sources */,
				6BEA26F128C28EB200EF0981 /* DateInputField.swift in Sources */,
				6B2E5E2728C35E99008A87EB /* AppError.swift in Sources */,
				6B2E5E3428C3B82A008A87EB /* PhotoDetailsNavigationView.swift in Sources */,
			);
			runOnlyForDeploymentPostprocessing = 0;
		};
/* End PBXSourcesBuildPhase section */

/* Begin PBXVariantGroup section */
		6B58F2AF28C0F96400160C22 /* LaunchScreen.storyboard */ = {
			isa = PBXVariantGroup;
			children = (
				6B58F2B028C0F96400160C22 /* Base */,
			);
			name = LaunchScreen.storyboard;
			sourceTree = "<group>";
		};
/* End PBXVariantGroup section */

/* Begin XCBuildConfiguration section */
		6B58F2B328C0F96400160C22 /* Debug */ = {
			isa = XCBuildConfiguration;
			buildSettings = {
				ALWAYS_SEARCH_USER_PATHS = NO;
				CLANG_ANALYZER_NONNULL = YES;
				CLANG_ANALYZER_NUMBER_OBJECT_CONVERSION = YES_AGGRESSIVE;
				CLANG_CXX_LANGUAGE_STANDARD = "gnu++17";
				CLANG_ENABLE_MODULES = YES;
				CLANG_ENABLE_OBJC_ARC = YES;
				CLANG_ENABLE_OBJC_WEAK = YES;
				CLANG_WARN_BLOCK_CAPTURE_AUTORELEASING = YES;
				CLANG_WARN_BOOL_CONVERSION = YES;
				CLANG_WARN_COMMA = YES;
				CLANG_WARN_CONSTANT_CONVERSION = YES;
				CLANG_WARN_DEPRECATED_OBJC_IMPLEMENTATIONS = YES;
				CLANG_WARN_DIRECT_OBJC_ISA_USAGE = YES_ERROR;
				CLANG_WARN_DOCUMENTATION_COMMENTS = YES;
				CLANG_WARN_EMPTY_BODY = YES;
				CLANG_WARN_ENUM_CONVERSION = YES;
				CLANG_WARN_INFINITE_RECURSION = YES;
				CLANG_WARN_INT_CONVERSION = YES;
				CLANG_WARN_NON_LITERAL_NULL_CONVERSION = YES;
				CLANG_WARN_OBJC_IMPLICIT_RETAIN_SELF = YES;
				CLANG_WARN_OBJC_LITERAL_CONVERSION = YES;
				CLANG_WARN_OBJC_ROOT_CLASS = YES_ERROR;
				CLANG_WARN_QUOTED_INCLUDE_IN_FRAMEWORK_HEADER = YES;
				CLANG_WARN_RANGE_LOOP_ANALYSIS = YES;
				CLANG_WARN_STRICT_PROTOTYPES = YES;
				CLANG_WARN_SUSPICIOUS_MOVE = YES;
				CLANG_WARN_UNGUARDED_AVAILABILITY = YES_AGGRESSIVE;
				CLANG_WARN_UNREACHABLE_CODE = YES;
				CLANG_WARN__DUPLICATE_METHOD_MATCH = YES;
				COPY_PHASE_STRIP = NO;
				DEBUG_INFORMATION_FORMAT = dwarf;
				ENABLE_STRICT_OBJC_MSGSEND = YES;
				ENABLE_TESTABILITY = YES;
				GCC_C_LANGUAGE_STANDARD = gnu11;
				GCC_DYNAMIC_NO_PIC = NO;
				GCC_NO_COMMON_BLOCKS = YES;
				GCC_OPTIMIZATION_LEVEL = 0;
				GCC_PREPROCESSOR_DEFINITIONS = (
					"DEBUG=1",
					"$(inherited)",
				);
				GCC_WARN_64_TO_32_BIT_CONVERSION = YES;
				GCC_WARN_ABOUT_RETURN_TYPE = YES_ERROR;
				GCC_WARN_UNDECLARED_SELECTOR = YES;
				GCC_WARN_UNINITIALIZED_AUTOS = YES_AGGRESSIVE;
				GCC_WARN_UNUSED_FUNCTION = YES;
				GCC_WARN_UNUSED_VARIABLE = YES;
				IPHONEOS_DEPLOYMENT_TARGET = 15.5;
				MTL_ENABLE_DEBUG_INFO = INCLUDE_SOURCE;
				MTL_FAST_MATH = YES;
				ONLY_ACTIVE_ARCH = YES;
				SDKROOT = iphoneos;
				SWIFT_ACTIVE_COMPILATION_CONDITIONS = DEBUG;
				SWIFT_OPTIMIZATION_LEVEL = "-Onone";
			};
			name = Debug;
		};
		6B58F2B428C0F96400160C22 /* Release */ = {
			isa = XCBuildConfiguration;
			buildSettings = {
				ALWAYS_SEARCH_USER_PATHS = NO;
				CLANG_ANALYZER_NONNULL = YES;
				CLANG_ANALYZER_NUMBER_OBJECT_CONVERSION = YES_AGGRESSIVE;
				CLANG_CXX_LANGUAGE_STANDARD = "gnu++17";
				CLANG_ENABLE_MODULES = YES;
				CLANG_ENABLE_OBJC_ARC = YES;
				CLANG_ENABLE_OBJC_WEAK = YES;
				CLANG_WARN_BLOCK_CAPTURE_AUTORELEASING = YES;
				CLANG_WARN_BOOL_CONVERSION = YES;
				CLANG_WARN_COMMA = YES;
				CLANG_WARN_CONSTANT_CONVERSION = YES;
				CLANG_WARN_DEPRECATED_OBJC_IMPLEMENTATIONS = YES;
				CLANG_WARN_DIRECT_OBJC_ISA_USAGE = YES_ERROR;
				CLANG_WARN_DOCUMENTATION_COMMENTS = YES;
				CLANG_WARN_EMPTY_BODY = YES;
				CLANG_WARN_ENUM_CONVERSION = YES;
				CLANG_WARN_INFINITE_RECURSION = YES;
				CLANG_WARN_INT_CONVERSION = YES;
				CLANG_WARN_NON_LITERAL_NULL_CONVERSION = YES;
				CLANG_WARN_OBJC_IMPLICIT_RETAIN_SELF = YES;
				CLANG_WARN_OBJC_LITERAL_CONVERSION = YES;
				CLANG_WARN_OBJC_ROOT_CLASS = YES_ERROR;
				CLANG_WARN_QUOTED_INCLUDE_IN_FRAMEWORK_HEADER = YES;
				CLANG_WARN_RANGE_LOOP_ANALYSIS = YES;
				CLANG_WARN_STRICT_PROTOTYPES = YES;
				CLANG_WARN_SUSPICIOUS_MOVE = YES;
				CLANG_WARN_UNGUARDED_AVAILABILITY = YES_AGGRESSIVE;
				CLANG_WARN_UNREACHABLE_CODE = YES;
				CLANG_WARN__DUPLICATE_METHOD_MATCH = YES;
				COPY_PHASE_STRIP = NO;
				DEBUG_INFORMATION_FORMAT = "dwarf-with-dsym";
				ENABLE_NS_ASSERTIONS = NO;
				ENABLE_STRICT_OBJC_MSGSEND = YES;
				GCC_C_LANGUAGE_STANDARD = gnu11;
				GCC_NO_COMMON_BLOCKS = YES;
				GCC_WARN_64_TO_32_BIT_CONVERSION = YES;
				GCC_WARN_ABOUT_RETURN_TYPE = YES_ERROR;
				GCC_WARN_UNDECLARED_SELECTOR = YES;
				GCC_WARN_UNINITIALIZED_AUTOS = YES_AGGRESSIVE;
				GCC_WARN_UNUSED_FUNCTION = YES;
				GCC_WARN_UNUSED_VARIABLE = YES;
				IPHONEOS_DEPLOYMENT_TARGET = 15.5;
				MTL_ENABLE_DEBUG_INFO = NO;
				MTL_FAST_MATH = YES;
				SDKROOT = iphoneos;
				SWIFT_COMPILATION_MODE = wholemodule;
				SWIFT_OPTIMIZATION_LEVEL = "-O";
				VALIDATE_PRODUCT = YES;
			};
			name = Release;
		};
		6B58F2B628C0F96400160C22 /* Debug */ = {
			isa = XCBuildConfiguration;
			baseConfigurationReference = 275E0AE7AE145533EA7942AF /* Pods-SampleProject.debug.xcconfig */;
			buildSettings = {
				ASSETCATALOG_COMPILER_APPICON_NAME = AppIcon;
				ASSETCATALOG_COMPILER_GLOBAL_ACCENT_COLOR_NAME = AccentColor;
				CODE_SIGN_STYLE = Automatic;
				CURRENT_PROJECT_VERSION = 1;
				DEVELOPMENT_TEAM = MW2UF479VW;
				GENERATE_INFOPLIST_FILE = YES;
				INFOPLIST_FILE = SampleProject/Info.plist;
				INFOPLIST_KEY_UIApplicationSupportsIndirectInputEvents = YES;
				INFOPLIST_KEY_UILaunchStoryboardName = LaunchScreen;
				INFOPLIST_KEY_UISupportedInterfaceOrientations = UIInterfaceOrientationPortrait;
				INFOPLIST_KEY_UISupportedInterfaceOrientations_iPad = "UIInterfaceOrientationPortrait UIInterfaceOrientationPortraitUpsideDown UIInterfaceOrientationLandscapeLeft UIInterfaceOrientationLandscapeRight";
				INFOPLIST_KEY_UISupportedInterfaceOrientations_iPhone = "UIInterfaceOrientationPortrait UIInterfaceOrientationLandscapeLeft UIInterfaceOrientationLandscapeRight";
				IPHONEOS_DEPLOYMENT_TARGET = 14.0;
				LD_RUNPATH_SEARCH_PATHS = (
					"$(inherited)",
					"@executable_path/Frameworks",
				);
				MARKETING_VERSION = 1.0;
				PRODUCT_BUNDLE_IDENTIFIER = shakuro.SampleProject;
				PRODUCT_NAME = "$(TARGET_NAME)";
				SWIFT_EMIT_LOC_STRINGS = YES;
				SWIFT_VERSION = 5.0;
				TARGETED_DEVICE_FAMILY = 1;
			};
			name = Debug;
		};
		6B58F2B728C0F96400160C22 /* Release */ = {
			isa = XCBuildConfiguration;
			baseConfigurationReference = B8295AC17375FFBC786DFF41 /* Pods-SampleProject.release.xcconfig */;
			buildSettings = {
				ASSETCATALOG_COMPILER_APPICON_NAME = AppIcon;
				ASSETCATALOG_COMPILER_GLOBAL_ACCENT_COLOR_NAME = AccentColor;
				CODE_SIGN_STYLE = Automatic;
				CURRENT_PROJECT_VERSION = 1;
				DEVELOPMENT_TEAM = MW2UF479VW;
				GENERATE_INFOPLIST_FILE = YES;
				INFOPLIST_FILE = SampleProject/Info.plist;
				INFOPLIST_KEY_UIApplicationSupportsIndirectInputEvents = YES;
				INFOPLIST_KEY_UILaunchStoryboardName = LaunchScreen;
				INFOPLIST_KEY_UISupportedInterfaceOrientations = UIInterfaceOrientationPortrait;
				INFOPLIST_KEY_UISupportedInterfaceOrientations_iPad = "UIInterfaceOrientationPortrait UIInterfaceOrientationPortraitUpsideDown UIInterfaceOrientationLandscapeLeft UIInterfaceOrientationLandscapeRight";
				INFOPLIST_KEY_UISupportedInterfaceOrientations_iPhone = "UIInterfaceOrientationPortrait UIInterfaceOrientationLandscapeLeft UIInterfaceOrientationLandscapeRight";
				IPHONEOS_DEPLOYMENT_TARGET = 14.0;
				LD_RUNPATH_SEARCH_PATHS = (
					"$(inherited)",
					"@executable_path/Frameworks",
				);
				MARKETING_VERSION = 1.0;
				PRODUCT_BUNDLE_IDENTIFIER = shakuro.SampleProject;
				PRODUCT_NAME = "$(TARGET_NAME)";
				SWIFT_EMIT_LOC_STRINGS = YES;
				SWIFT_VERSION = 5.0;
				TARGETED_DEVICE_FAMILY = 1;
			};
			name = Release;
		};
/* End XCBuildConfiguration section */

/* Begin XCConfigurationList section */
		6B58F29C28C0F96300160C22 /* Build configuration list for PBXProject "SampleProject" */ = {
			isa = XCConfigurationList;
			buildConfigurations = (
				6B58F2B328C0F96400160C22 /* Debug */,
				6B58F2B428C0F96400160C22 /* Release */,
			);
			defaultConfigurationIsVisible = 0;
			defaultConfigurationName = Release;
		};
		6B58F2B528C0F96400160C22 /* Build configuration list for PBXNativeTarget "SampleProject" */ = {
			isa = XCConfigurationList;
			buildConfigurations = (
				6B58F2B628C0F96400160C22 /* Debug */,
				6B58F2B728C0F96400160C22 /* Release */,
			);
			defaultConfigurationIsVisible = 0;
			defaultConfigurationName = Release;
		};
/* End XCConfigurationList section */
	};
	rootObject = 6B58F29928C0F96300160C22 /* Project object */;
}
